
Microsoft Visual Studio Solution File, Format Version 12.00
Project("{FAE04EC0-301F-11D3-BF4B-00C04F79EFBC}") = "Tests", "Tests\Tests.csproj", "{1794F387-B5E4-459F-8B9E-2B4E1A5BE401}"
EndProject
Project("{FAE04EC0-301F-11D3-BF4B-00C04F79EFBC}") = "WebApi", "WebApi\WebApi.csproj", "{9CC4C4EE-ED50-4AF9-AD10-DA5032F697FE}"
EndProject
Global
	GlobalSection(SolutionConfigurationPlatforms) = preSolution
		Debug|Any CPU = Debug|Any CPU
		Release|Any CPU = Release|Any CPU
	EndGlobalSection
	GlobalSection(ProjectConfigurationPlatforms) = postSolution
		{1794F387-B5E4-459F-8B9E-2B4E1A5BE401}.Debug|Any CPU.ActiveCfg = Debug|Any CPU
		{1794F387-B5E4-459F-8B9E-2B4E1A5BE401}.Debug|Any CPU.Build.0 = Debug|Any CPU
		{1794F387-B5E4-459F-8B9E-2B4E1A5BE401}.Release|Any CPU.ActiveCfg = Release|Any CPU
		{1794F387-B5E4-459F-8B9E-2B4E1A5BE401}.Release|Any CPU.Build.0 = Release|Any CPU
		{9CC4C4EE-ED50-4AF9-AD10-DA5032F697FE}.Debug|Any CPU.ActiveCfg = Debug|Any CPU
		{9CC4C4EE-ED50-4AF9-AD10-DA5032F697FE}.Debug|Any CPU.Build.0 = Debug|Any CPU
		{9CC4C4EE-ED50-4AF9-AD10-DA5032F697FE}.Release|Any CPU.ActiveCfg = Release|Any CPU
		{9CC4C4EE-ED50-4AF9-AD10-DA5032F697FE}.Release|Any CPU.Build.0 = Release|Any CPU
	EndGlobalSection
EndGlobal
